
Microsoft Visual Studio Solution File, Format Version 12.00
# Visual Studio 15
VisualStudioVersion = 15.0.27703.2042
MinimumVisualStudioVersion = 10.0.40219.1
Project("{FAE04EC0-301F-11D3-BF4B-00C04F79EFBC}") = "BookingMiddleware", "BookingMiddleware\BookingMiddleware.csproj", "{684DE4C4-70DE-4BAF-B503-0BCF0F4F253B}"
EndProject
Global
	GlobalSection(SolutionConfigurationPlatforms) = preSolution
		Debug|Any CPU = Debug|Any CPU
		Release|Any CPU = Release|Any CPU
	EndGlobalSection
	GlobalSection(ProjectConfigurationPlatforms) = postSolution
		{684DE4C4-70DE-4BAF-B503-0BCF0F4F253B}.Debug|Any CPU.ActiveCfg = Debug|Any CPU
		{684DE4C4-70DE-4BAF-B503-0BCF0F4F253B}.Debug|Any CPU.Build.0 = Debug|Any CPU
		{684DE4C4-70DE-4BAF-B503-0BCF0F4F253B}.Release|Any CPU.ActiveCfg = Release|Any CPU
		{684DE4C4-70DE-4BAF-B503-0BCF0F4F253B}.Release|Any CPU.Build.0 = Release|Any CPU
	EndGlobalSection
	GlobalSection(SolutionProperties) = preSolution
		HideSolutionNode = FALSE
	EndGlobalSection
	GlobalSection(ExtensibilityGlobals) = postSolution
		SolutionGuid = {A926DE9A-48AB-4064-90FA-7B2AAF384F6A}
	EndGlobalSection
EndGlobal
